
Microsoft Visual Studio Solution File, Format Version 12.00
# Visual Studio Version 17
VisualStudioVersion = 17.4.33213.308
MinimumVisualStudioVersion = 10.0.40219.1
Project("{FAE04EC0-301F-11D3-BF4B-00C04F79EFBC}") = "StockPricesApi", "StockPricesApi\StockPricesApi.csproj", "{97D327AD-A138-4A46-B4FE-6014475E1709}"
EndProject
Global
	GlobalSection(SolutionConfigurationPlatforms) = preSolution
		Debug|Any CPU = Debug|Any CPU
		Release|Any CPU = Release|Any CPU
	EndGlobalSection
	GlobalSection(ProjectConfigurationPlatforms) = postSolution
		{97D327AD-A138-4A46-B4FE-6014475E1709}.Debug|Any CPU.ActiveCfg = Debug|Any CPU
		{97D327AD-A138-4A46-B4FE-6014475E1709}.Debug|Any CPU.Build.0 = Debug|Any CPU
		{97D327AD-A138-4A46-B4FE-6014475E1709}.Release|Any CPU.ActiveCfg = Release|Any CPU
		{97D327AD-A138-4A46-B4FE-6014475E1709}.Release|Any CPU.Build.0 = Release|Any CPU
	EndGlobalSection
	GlobalSection(SolutionProperties) = preSolution
		HideSolutionNode = FALSE
	EndGlobalSection
	GlobalSection(ExtensibilityGlobals) = postSolution
		SolutionGuid = {2A5D03A0-6D4E-4046-8FA5-DBBB550C22F9}
	EndGlobalSection
EndGlobal
